# THIS IS AN AUTOGENERATED FILE. DO NOT EDIT THIS FILE DIRECTLY.
# yarn lockfile v1


"@babel/runtime@^7.5.5", "@babel/runtime@^7.6.2", "@babel/runtime@^7.8.7":
  version "7.14.6"
  resolved "https://registry.yarnpkg.com/@babel/runtime/-/runtime-7.14.6.tgz#535203bc0892efc7dec60bdc27b2ecf6e409062d"
  integrity sha512-/PCB2uJ7oM44tz8YhC4Z/6PeOKXp4K588f+5M3clr1M4zbqztlo0XEfJ2LEzj/FgwfgGcIdl8n7YYjTCI0BYwg==
  dependencies:
    regenerator-runtime "^0.13.4"

"@emotion/is-prop-valid@^1.1.0":
  version "1.1.0"
  resolved "https://registry.yarnpkg.com/@emotion/is-prop-valid/-/is-prop-valid-1.1.0.tgz#29ef6be1e946fb4739f9707def860f316f668cde"
  integrity sha512-9RkilvXAufQHsSsjQ3PIzSns+pxuX4EW8EbGeSPjZMHuMx6z/MOzb9LpqNieQX4F3mre3NWS2+X3JNRHTQztUQ==
  dependencies:
    "@emotion/memoize" "^0.7.4"

"@emotion/memoize@^0.7.4":
  version "0.7.5"
  resolved "https://registry.yarnpkg.com/@emotion/memoize/-/memoize-0.7.5.tgz#2c40f81449a4e554e9fc6396910ed4843ec2be50"
  integrity sha512-igX9a37DR2ZPGYtV6suZ6whr8pTFtyHL3K/oLUotxpSVO2ASaprmAe2Dkq7tBo7CRY7MMDrAa9nuQP9/YG8FxQ==

"@fortawesome/fontawesome-common-types@^0.2.35":
  version "0.2.35"
  resolved "https://registry.yarnpkg.com/@fortawesome/fontawesome-common-types/-/fontawesome-common-types-0.2.35.tgz#01dd3d054da07a00b764d78748df20daf2b317e9"
  integrity sha512-IHUfxSEDS9dDGqYwIW7wTN6tn/O8E0n5PcAHz9cAaBoZw6UpG20IG/YM3NNLaGPwPqgjBAFjIURzqoQs3rrtuw==

"@fortawesome/free-solid-svg-icons@>=5.15.3":
  version "5.15.3"
  resolved "https://registry.yarnpkg.com/@fortawesome/free-solid-svg-icons/-/free-solid-svg-icons-5.15.3.tgz#52eebe354f60dc77e0bde934ffc5c75ffd04f9d8"
  integrity sha512-XPeeu1IlGYqz4VWGRAT5ukNMd4VHUEEJ7ysZ7pSSgaEtNvSo+FLurybGJVmiqkQdK50OkSja2bfZXOeyMGRD8Q==
  dependencies:
    "@fortawesome/fontawesome-common-types" "^0.2.35"

"@popperjs/core@^2.8.3":
  version "2.9.2"
  resolved "https://registry.yarnpkg.com/@popperjs/core/-/core-2.9.2.tgz#adea7b6953cbb34651766b0548468e743c6a2353"
  integrity sha512-VZMYa7+fXHdwIq1TDhSXoVmSPEGM/aa+6Aiq3nVVJ9bXr24zScr+NlKFKC3iPljA7ho/GAZr+d2jOf5GIRC30Q==

"@react-aria/focus@3.3.0":
  version "3.3.0"
  resolved "https://registry.yarnpkg.com/@react-aria/focus/-/focus-3.3.0.tgz#5ffc0c5ad640b6ad3b975cf78a8c35784b8057b0"
  integrity sha512-9gOQ52VJsZr4doNRWvCB0zagyAp+7hdUePDTL/t7sJlWZYZaaMGKK9cSPT9cclsIx14AJtGbXZwpFl517oOwCQ==
  dependencies:
    "@babel/runtime" "^7.6.2"
    "@react-aria/interactions" "^3.4.0"
    "@react-aria/utils" "^3.8.0"
    "@react-types/shared" "^3.6.0"
    clsx "^1.1.1"

"@react-aria/interactions@^3.4.0":
  version "3.5.0"
  resolved "https://registry.yarnpkg.com/@react-aria/interactions/-/interactions-3.5.0.tgz#40eeb2d668f324956feb753b3594ddca06e08393"
  integrity sha512-EL5GWpzM9UHU17LztwgL/tF3H2tLG375CD64kieCgSfsRcCSlC3pavnPy9jbS8levdBQ2qo9e2xfoX5VtfJisw==
  dependencies:
    "@babel/runtime" "^7.6.2"
    "@react-aria/utils" "^3.8.1"
    "@react-types/shared" "^3.7.0"

"@react-aria/ssr@^3.0.2":
  version "3.0.2"
  resolved "https://registry.yarnpkg.com/@react-aria/ssr/-/ssr-3.0.2.tgz#f96a41a7314a60324b6de871cb872039b63be5c0"
  integrity sha512-+M0wrUlc2eTuMiwTfd0iFZJGu2hvMeYBLE8gRdbPJCDjLhrNWOQLKR/y6ntxQ9u8zjrNl/YPOdRtcqkA2EBnAQ==
  dependencies:
    "@babel/runtime" "^7.6.2"

"@react-aria/utils@^3.8.0", "@react-aria/utils@^3.8.1":
  version "3.8.1"
  resolved "https://registry.yarnpkg.com/@react-aria/utils/-/utils-3.8.1.tgz#7c7246a2d22078c1962d238bdc14569a15d0d761"
  integrity sha512-SvFf1T2HHAId6LS4+gbJNLQU9wr5GHuR5wA+HOtfVkZ82v3xhOnzfjR5qgjSLYGsPfqNgci5cpKYlHf4YqMf5w==
  dependencies:
    "@babel/runtime" "^7.6.2"
    "@react-aria/ssr" "^3.0.2"
    "@react-stately/utils" "^3.2.1"
    "@react-types/shared" "^3.7.0"
    clsx "^1.1.1"

"@react-stately/utils@^3.2.1":
  version "3.2.1"
  resolved "https://registry.yarnpkg.com/@react-stately/utils/-/utils-3.2.1.tgz#1e85861e6963230f80610bd9d1f5f0d33a481273"
  integrity sha512-H79CYKPiQZrO1/dMSwjRJxsRlYg7y8PbTwnZOQ1h3DI5W6tD8CCLSlU1A5/Fp1GfcGNnK8gHqsJ9oJSRAwFS1g==
  dependencies:
    "@babel/runtime" "^7.6.2"

"@react-types/shared@^3.6.0", "@react-types/shared@^3.7.0":
  version "3.7.1"
  resolved "https://registry.yarnpkg.com/@react-types/shared/-/shared-3.7.1.tgz#6aadddab0c7911a97a97a4c48723eb15a34b5fad"
  integrity sha512-VNKlqh37UjB3Hd7gb5Hgsum/2x5mhd7vuBBGPEFevhkOMBW8KlqrU75yaKUe3rEFbky7H6+A8Dzoj4r68OS14w==

"@stenajs-webui/core@12.0.0":
  version "12.0.0"
  resolved "https://registry.yarnpkg.com/@stenajs-webui/core/-/core-12.0.0.tgz#f53581539ca0201de29532c1d361a324f8c5b702"
  integrity sha512-k9ciIDlrDWC0cryCQhK3fcfVweVnt7U44aJwqP4JGe1xiagNShwgSXSd2BMrYaWpVTdmFHFRuCobd77J+vxC7w==
  dependencies:
    "@emotion/is-prop-valid" "^1.1.0"
    "@stenajs-webui/theme" "12.0.0"
    classnames "^2.2.6"

"@stenajs-webui/elements@12.0.0":
  version "12.0.0"
  resolved "https://registry.yarnpkg.com/@stenajs-webui/elements/-/elements-12.0.0.tgz#c983c71cb8556f911b855a2adf586b22a2da2815"
  integrity sha512-KA9nRJzLTPro2UVrk1f3D4ngv2Gqk4z/PdAUEWTUOMljQqTEVk4ljeufS4pJ5Ijf8VPDUAV9T+/dLFWW9KjKNw==
  dependencies:
    "@react-aria/focus" "3.3.0"
    "@stenajs-webui/core" "12.0.0"
    "@stenajs-webui/theme" "12.0.0"
    classnames "^2.2.6"

"@stenajs-webui/forms@12.0.0":
  version "12.0.0"
  resolved "https://registry.yarnpkg.com/@stenajs-webui/forms/-/forms-12.0.0.tgz#a12904109b53218e36e7cdb448e658dfc9250bc8"
  integrity sha512-97EZoggs3Nc6mJ24GtaAckDYmiqlMzNAJ7BJB3kYEELjOLILndBuR0j2CKrkJQMr2Iqmho0ISiyfP2h2v78a0A==
  dependencies:
    "@stenajs-webui/core" "12.0.0"
    "@stenajs-webui/elements" "12.0.0"
    "@types/classnames" "^2.2.10"
    classnames "^2.2.6"
    date-fns "2.16.1"

"@stenajs-webui/grid@12.0.0":
  version "12.0.0"
  resolved "https://registry.yarnpkg.com/@stenajs-webui/grid/-/grid-12.0.0.tgz#124d70c1fa0f77b88c066bd3671f9e1216b6b5bd"
  integrity sha512-x1CHvDkiAa2ffaMo9u3XAFiR8T0XRNJ++o0ZU69wI9VXVcDPPIC52DPWx98wWLJ0UvF12yd0J5zNVV/utGE8/Q==
  dependencies:
    "@stenajs-webui/core" "12.0.0"
    "@stenajs-webui/elements" "12.0.0"
    "@stenajs-webui/forms" "12.0.0"
    "@stenajs-webui/panels" "12.0.0"
    "@stenajs-webui/redux" "12.0.0"
    "@stenajs-webui/theme" "12.0.0"
    "@stenajs-webui/tooltip" "12.0.0"
    classnames "^2.2.6"
    react-infinite "0.13.0"

"@stenajs-webui/panels@12.0.0":
  version "12.0.0"
  resolved "https://registry.yarnpkg.com/@stenajs-webui/panels/-/panels-12.0.0.tgz#262fb5fef5f960aa62c3711415b02b173ca27461"
  integrity sha512-AFRrLyYkE7t9UtIhsG4lHznITm8IuaeE+S5KV0jEm7ew6s2+jVraxAMNnFqiwk/YBA88ZbrFeTJFZTtvxqt7HA==
  dependencies:
    "@stenajs-webui/core" "12.0.0"
    "@stenajs-webui/elements" "12.0.0"
    "@stenajs-webui/forms" "12.0.0"
    "@stenajs-webui/theme" "12.0.0"
    "@stenajs-webui/tooltip" "12.0.0"
    classnames "^2.2.6"
    date-fns "2.16.1"
    react-transition-group "^4.3.0"
    tippy.js "^6.2.6"

"@stenajs-webui/redux@12.0.0":
  version "12.0.0"
  resolved "https://registry.yarnpkg.com/@stenajs-webui/redux/-/redux-12.0.0.tgz#96674d6618717f8e702e52bdae90d3cb53403f4a"
  integrity sha512-F4l/HuqM5N0cuxhhAthq1uCzjVwp92qBrpiyl+rhgeZnmWhuxUzHCxjZ+Gj9qKTVVU/XM1mbu/KPazMsahvjgA==

"@stenajs-webui/theme@12.0.0":
  version "12.0.0"
  resolved "https://registry.yarnpkg.com/@stenajs-webui/theme/-/theme-12.0.0.tgz#0c317aa1628f802338ccf799eaf72aa13e74b349"
  integrity sha512-yLUMsiWINvSXLJidV5NdTJvuECZf6k0PhtaUs4YaXIC2xVHFI6909CtfDzq7ZiJpb5eTw4c/GmQfKoyh6qNRXg==

"@stenajs-webui/tooltip@12.0.0":
  version "12.0.0"
  resolved "https://registry.yarnpkg.com/@stenajs-webui/tooltip/-/tooltip-12.0.0.tgz#8dda07d7b4895c39a1e8c6d16e963885245bb512"
  integrity sha512-utsxK4c2w8zviQ8iEr04EhoJQt4lmuxhqHSlThewz0f06mgeYPSV1mCCBtQyLO9gHiy7RYuZWf6cWRFVli1YCw==
  dependencies:
    "@stenajs-webui/core" "12.0.0"
    "@stenajs-webui/elements" "12.0.0"
    "@tippyjs/react" "^4.1.0"
    tippy.js "^6.2.6"

"@tippyjs/react@^4.1.0":
  version "4.2.5"
  resolved "https://registry.yarnpkg.com/@tippyjs/react/-/react-4.2.5.tgz#9b5837db93a1cac953962404df906aef1a18e80d"
  integrity sha512-YBLgy+1zznBNbx4JOoOdFXWMLXjBh9hLPwRtq3s8RRdrez2l3tPBRt2m2909wZd9S1KUeKjOOYYsnitccI9I3A==
  dependencies:
    tippy.js "^6.3.1"

"@types/classnames@^2.2.10":
  version "2.3.1"
  resolved "https://registry.yarnpkg.com/@types/classnames/-/classnames-2.3.1.tgz#3c2467aa0f1a93f1f021e3b9bcf938bd5dfdc0dd"
  integrity sha512-zeOWb0JGBoVmlQoznvqXbE0tEC/HONsnoUNH19Hc96NFsTAwTXbTqb8FMYkru1F/iqp7a18Ws3nWJvtA1sHD1A==
  dependencies:
    classnames "*"

"@types/jest@^23.1.5":
  version "23.3.14"
  resolved "https://registry.yarnpkg.com/@types/jest/-/jest-23.3.14.tgz#37daaf78069e7948520474c87b80092ea912520a"
  integrity sha512-Q5hTcfdudEL2yOmluA1zaSyPbzWPmJ3XfSWeP3RyoYvS9hnje1ZyagrZOuQ6+1nQC1Gw+7gap3pLNL3xL6UBug==

"@types/lodash@^4.14.168":
  version "4.14.170"
  resolved "https://registry.yarnpkg.com/@types/lodash/-/lodash-4.14.170.tgz#0d67711d4bf7f4ca5147e9091b847479b87925d6"
  integrity sha512-bpcvu/MKHHeYX+qeEN8GE7DIravODWdACVA1ctevD8CN24RhPZIKMn9ntfAsrvLfSX3cR5RrBKAbYm9bGs0A+Q==

"@types/prop-types@*":
  version "15.7.1"
  resolved "https://registry.yarnpkg.com/@types/prop-types/-/prop-types-15.7.1.tgz#f1a11e7babb0c3cad68100be381d1e064c68f1f6"
  integrity sha512-CFzn9idOEpHrgdw8JsoTkaDDyRWk1jrzIV8djzcgpq0y9tG4B4lFT+Nxh52DVpDXV+n4+NPNv7M1Dj5uMp6XFg==

"@types/react-dom@^17.0.3":
  version "17.0.8"
  resolved "https://registry.yarnpkg.com/@types/react-dom/-/react-dom-17.0.8.tgz#3180de6d79bf53762001ad854e3ce49f36dd71fc"
  integrity sha512-0ohAiJAx1DAUEcY9UopnfwCE9sSMDGnY/oXjWMax6g3RpzmTt2GMyMVAXcbn0mo8XAff0SbQJl2/SBU+hjSZ1A==
  dependencies:
    "@types/react" "*"

"@types/react@*":
  version "16.8.14"
  resolved "https://registry.yarnpkg.com/@types/react/-/react-16.8.14.tgz#b561bfabeb8f60d12e6d4766367e7a9ae927aa18"
  integrity sha512-26tFVJ1omGmzIdFTFmnC5zhz1GTaqCjxgUxV4KzWvsybF42P7/j4RBn6UeO3KbHPXqKWZszMXMoI65xIWm954A==
  dependencies:
    "@types/prop-types" "*"
    csstype "^2.2.0"

"@types/react@^17.0.5":
  version "17.0.13"
  resolved "https://registry.yarnpkg.com/@types/react/-/react-17.0.13.tgz#6b7c9a8f2868586ad87d941c02337c6888fb874f"
  integrity sha512-D/G3PiuqTfE3IMNjLn/DCp6umjVCSvtZTPdtAFy5+Ved6CsdRvivfKeCzw79W4AatShtU4nGqgvOv5Gro534vQ==
  dependencies:
    "@types/prop-types" "*"
    "@types/scheduler" "*"
    csstype "^3.0.2"

"@types/scheduler@*":
  version "0.16.1"
  resolved "https://registry.yarnpkg.com/@types/scheduler/-/scheduler-0.16.1.tgz#18845205e86ff0038517aab7a18a62a6b9f71275"
  integrity sha512-EaCxbanVeyxDRTQBkdLb3Bvl/HK7PBK6UJjsSixB0iHKoWxE5uu2Q/DgtpOhPIojN0Zl1whvOd7PoHs2P0s5eA==

"@types/zipcelx@^1.5.0":
  version "1.5.0"
  resolved "https://registry.yarnpkg.com/@types/zipcelx/-/zipcelx-1.5.0.tgz#e06e9ed51fadbc7fbcf15fbeb2bcbf446750c72e"
  integrity sha512-7hGersZzoXCsaGLaeLYgJLj6VUAicbP0hZMLlcY1U0LXTnrCYWJ9kjVSAc3osDF6x2+5sCOsXnO4MBqLTCNeIA==

airbnb-prop-types@^2.16.0:
  version "2.16.0"
  resolved "https://registry.yarnpkg.com/airbnb-prop-types/-/airbnb-prop-types-2.16.0.tgz#b96274cefa1abb14f623f804173ee97c13971dc2"
  integrity sha512-7WHOFolP/6cS96PhKNrslCLMYAI8yB1Pp6u6XmxozQOiZbsI5ycglZr5cHhBFfuRcQQjzCMith5ZPZdYiJCxUg==
  dependencies:
    array.prototype.find "^2.1.1"
    function.prototype.name "^1.1.2"
    is-regex "^1.1.0"
    object-is "^1.1.2"
    object.assign "^4.1.0"
    object.entries "^1.1.2"
    prop-types "^15.7.2"
    prop-types-exact "^1.2.0"
    react-is "^16.13.1"

array.prototype.find@^2.1.1:
  version "2.1.1"
  resolved "https://registry.yarnpkg.com/array.prototype.find/-/array.prototype.find-2.1.1.tgz#3baca26108ca7affb08db06bf0be6cb3115a969c"
  integrity sha512-mi+MYNJYLTx2eNYy+Yh6raoQacCsNeeMUaspFPh9Y141lFSsWxxB8V9mM2ye+eqiRs917J6/pJ4M9ZPzenWckA==
  dependencies:
    define-properties "^1.1.3"
    es-abstract "^1.17.4"

asap@~2.0.3:
  version "2.0.6"
  resolved "https://registry.yarnpkg.com/asap/-/asap-2.0.6.tgz#e50347611d7e690943208bbdafebcbc2fb866d46"
  integrity sha1-5QNHYR1+aQlDIIu9r+vLwvuGbUY=

call-bind@^1.0.0, call-bind@^1.0.2:
  version "1.0.2"
  resolved "https://registry.yarnpkg.com/call-bind/-/call-bind-1.0.2.tgz#b1d4e89e688119c3c9a903ad30abb2f6a919be3c"
  integrity sha512-7O+FbCihrB5WGbFYesctwmTKae6rOiIzmz1icreWJ+0aA7LJfuqhEso2T9ncpcFtzMQtzXf2QGGueWJGTYsqrA==
  dependencies:
    function-bind "^1.1.1"
    get-intrinsic "^1.0.2"

classnames@*, classnames@^2.2.6:
  version "2.3.1"
  resolved "https://registry.yarnpkg.com/classnames/-/classnames-2.3.1.tgz#dfcfa3891e306ec1dad105d0e88f4417b8535e8e"
  integrity sha512-OlQdbZ7gLfGarSqxesMesDa5uz7KFbID8Kpq/SxIoNGDqY8lSYs0D+hhtBXhcdB3rcbXArFr7vlHheLk1voeNA==

clipboard-polyfill@^3.0.2:
  version "3.0.3"
  resolved "https://registry.yarnpkg.com/clipboard-polyfill/-/clipboard-polyfill-3.0.3.tgz#159ea0768e20edc7ffda404bd13c54c73de4ff40"
  integrity sha512-hts0o01ZkwjA1qHA5gFePzAj/780W7v+eyN3GdaCRyDnapzcPsKRV5aodv77gcr40NDIcyNjNmc+HvfKV+jD0g==

clsx@^1.1.1:
  version "1.1.1"
  resolved "https://registry.yarnpkg.com/clsx/-/clsx-1.1.1.tgz#98b3134f9abbdf23b2663491ace13c5c03a73188"
  integrity sha512-6/bPho624p3S2pMyvP5kKBPXnI3ufHLObBFCfgx+LkeR5lg2XYy2hqZqUf45ypD8COn2bhgGJSUE+l5dhNBieA==

core-js@^1.0.0:
  version "1.2.7"
  resolved "https://registry.yarnpkg.com/core-js/-/core-js-1.2.7.tgz#652294c14651db28fa93bd2d5ff2983a4f08c636"
  integrity sha1-ZSKUwUZR2yj6k70tX/KYOk8IxjY=

core-util-is@~1.0.0:
  version "1.0.2"
  resolved "https://registry.yarnpkg.com/core-util-is/-/core-util-is-1.0.2.tgz#b5fd54220aa2bc5ab57aab7140c940754503c1a7"
  integrity sha1-tf1UIgqivFq1eqtxQMlAdUUDwac=

csstype@^2.2.0:
  version "2.6.4"
  resolved "https://registry.yarnpkg.com/csstype/-/csstype-2.6.4.tgz#d585a6062096e324e7187f80e04f92bd0f00e37f"
  integrity sha512-lAJUJP3M6HxFXbqtGRc0iZrdyeN+WzOWeY0q/VnFzI+kqVrYIzC7bWlKqCW7oCIdzoPkvfp82EVvrTlQ8zsWQg==

csstype@^3.0.2:
  version "3.0.8"
  resolved "https://registry.yarnpkg.com/csstype/-/csstype-3.0.8.tgz#d2266a792729fb227cd216fb572f43728e1ad340"
  integrity sha512-jXKhWqXPmlUeoQnF/EhTtTl4C9SnrxSH/jZUih3jmO6lBKr99rP3/+FmrMj4EFpOXzMtXHAZkd3x0E6h6Fgflw==

date-fns@2.16.1:
  version "2.16.1"
  resolved "https://registry.yarnpkg.com/date-fns/-/date-fns-2.16.1.tgz#05775792c3f3331da812af253e1a935851d3834b"
  integrity sha512-sAJVKx/FqrLYHAQeN7VpJrPhagZc9R4ImZIWYRFZaaohR3KzmuK88touwsSwSVT8Qcbd4zoDsnGfX4GFB4imyQ==

define-properties@^1.1.3:
  version "1.1.3"
  resolved "https://registry.yarnpkg.com/define-properties/-/define-properties-1.1.3.tgz#cf88da6cbee26fe6db7094f61d870cbd84cee9f1"
  integrity sha512-3MqfYKj2lLzdMSf8ZIZE/V+Zuy+BgD6f164e8K2w7dgnpKArBDerGYpM46IYYcjnkdPNMjPk9A6VFB8+3SKlXQ==
  dependencies:
    object-keys "^1.0.12"

dom-helpers@^5.0.1:
  version "5.2.1"
  resolved "https://registry.yarnpkg.com/dom-helpers/-/dom-helpers-5.2.1.tgz#d9400536b2bf8225ad98fe052e029451ac40e902"
  integrity sha512-nRCa7CK3VTrM2NmGkIy4cbK7IZlgBE/PYMn55rrXefr5xXDP0LdtfPnblFDoVdcAfslJ7or6iqAUnx0CCGIWQA==
  dependencies:
    "@babel/runtime" "^7.8.7"
    csstype "^3.0.2"

encoding@^0.1.11:
  version "0.1.12"
  resolved "https://registry.yarnpkg.com/encoding/-/encoding-0.1.12.tgz#538b66f3ee62cd1ab51ec323829d1f9480c74beb"
  integrity sha1-U4tm8+5izRq1HsMjgp0flIDHS+s=
  dependencies:
    iconv-lite "~0.4.13"

enzyme-adapter-react-16@1.1.1:
  version "1.1.1"
  resolved "https://registry.yarnpkg.com/enzyme-adapter-react-16/-/enzyme-adapter-react-16-1.1.1.tgz#a8f4278b47e082fbca14f5bfb1ee50ee650717b4"
  integrity sha512-kC8pAtU2Jk3OJ0EG8Y2813dg9Ol0TXi7UNxHzHiWs30Jo/hj7alc//G1YpKUsPP1oKl9X+Lkx+WlGJpPYA+nvw==
  dependencies:
    enzyme-adapter-utils "^1.3.0"
    lodash "^4.17.4"
    object.assign "^4.0.4"
    object.values "^1.0.4"
    prop-types "^15.6.0"
    react-reconciler "^0.7.0"
    react-test-renderer "^16.0.0-0"

enzyme-adapter-utils@^1.3.0:
  version "1.14.0"
  resolved "https://registry.yarnpkg.com/enzyme-adapter-utils/-/enzyme-adapter-utils-1.14.0.tgz#afbb0485e8033aa50c744efb5f5711e64fbf1ad0"
  integrity sha512-F/z/7SeLt+reKFcb7597IThpDp0bmzcH1E9Oabqv+o01cID2/YInlqHbFl7HzWBl4h3OdZYedtwNDOmSKkk0bg==
  dependencies:
    airbnb-prop-types "^2.16.0"
    function.prototype.name "^1.1.3"
    has "^1.0.3"
    object.assign "^4.1.2"
    object.fromentries "^2.0.3"
    prop-types "^15.7.2"
    semver "^5.7.1"

es-abstract@^1.17.4, es-abstract@^1.18.0-next.2, es-abstract@^1.18.2:
  version "1.18.3"
  resolved "https://registry.yarnpkg.com/es-abstract/-/es-abstract-1.18.3.tgz#25c4c3380a27aa203c44b2b685bba94da31b63e0"
  integrity sha512-nQIr12dxV7SSxE6r6f1l3DtAeEYdsGpps13dR0TwJg1S8gyp4ZPgy3FZcHBgbiQqnoqSTb+oC+kO4UQ0C/J8vw==
  dependencies:
    call-bind "^1.0.2"
    es-to-primitive "^1.2.1"
    function-bind "^1.1.1"
    get-intrinsic "^1.1.1"
    has "^1.0.3"
    has-symbols "^1.0.2"
    is-callable "^1.2.3"
    is-negative-zero "^2.0.1"
    is-regex "^1.1.3"
    is-string "^1.0.6"
    object-inspect "^1.10.3"
    object-keys "^1.1.1"
    object.assign "^4.1.2"
    string.prototype.trimend "^1.0.4"
    string.prototype.trimstart "^1.0.4"
    unbox-primitive "^1.0.1"

es-to-primitive@^1.2.1:
  version "1.2.1"
  resolved "https://registry.yarnpkg.com/es-to-primitive/-/es-to-primitive-1.2.1.tgz#e55cd4c9cdc188bcefb03b366c736323fc5c898a"
  integrity sha512-QCOllgZJtaUo9miYBcLChTUaHNjJF3PYs1VidD7AwiEj1kYxKeQTctLAezAOH5ZKRH0g2IgPn6KwB4IT8iRpvA==
  dependencies:
    is-callable "^1.1.4"
    is-date-object "^1.0.1"
    is-symbol "^1.0.2"

fbjs@^0.8.16:
  version "0.8.17"
  resolved "https://registry.yarnpkg.com/fbjs/-/fbjs-0.8.17.tgz#c4d598ead6949112653d6588b01a5cdcd9f90fdd"
  integrity sha1-xNWY6taUkRJlPWWIsBpc3Nn5D90=
  dependencies:
    core-js "^1.0.0"
    isomorphic-fetch "^2.1.1"
    loose-envify "^1.0.0"
    object-assign "^4.1.0"
    promise "^7.1.1"
    setimmediate "^1.0.5"
    ua-parser-js "^0.7.18"

file-saver@^2.0.0:
  version "2.0.5"
  resolved "https://registry.yarnpkg.com/file-saver/-/file-saver-2.0.5.tgz#d61cfe2ce059f414d899e9dd6d4107ee25670c38"
  integrity sha512-P9bmyZ3h/PRG+Nzga+rbdI4OEpNDzAVyy74uVO9ATgzLK6VtAsYybF/+TOCvrc0MO793d6+42lLyZTw7/ArVzA==

function-bind@^1.1.1:
  version "1.1.1"
  resolved "https://registry.yarnpkg.com/function-bind/-/function-bind-1.1.1.tgz#a56899d3ea3c9bab874bb9773b7c5ede92f4895d"
  integrity sha512-yIovAzMX49sF8Yl58fSCWJ5svSLuaibPxXQJFLmBObTuCr0Mf1KiPopGM9NiFjiYBCbfaa2Fh6breQ6ANVTI0A==

function.prototype.name@^1.1.2, function.prototype.name@^1.1.3:
  version "1.1.4"
  resolved "https://registry.yarnpkg.com/function.prototype.name/-/function.prototype.name-1.1.4.tgz#e4ea839b9d3672ae99d0efd9f38d9191c5eaac83"
  integrity sha512-iqy1pIotY/RmhdFZygSSlW0wko2yxkSCKqsuv4pr8QESohpYyG/Z7B/XXvPRKTJS//960rgguE5mSRUsDdaJrQ==
  dependencies:
    call-bind "^1.0.2"
    define-properties "^1.1.3"
    es-abstract "^1.18.0-next.2"
    functions-have-names "^1.2.2"

functions-have-names@^1.2.2:
  version "1.2.2"
  resolved "https://registry.yarnpkg.com/functions-have-names/-/functions-have-names-1.2.2.tgz#98d93991c39da9361f8e50b337c4f6e41f120e21"
  integrity sha512-bLgc3asbWdwPbx2mNk2S49kmJCuQeu0nfmaOgbs8WIyzzkw3r4htszdIi9Q9EMezDPTYuJx2wvjZ/EwgAthpnA==

get-intrinsic@^1.0.2, get-intrinsic@^1.1.1:
  version "1.1.1"
  resolved "https://registry.yarnpkg.com/get-intrinsic/-/get-intrinsic-1.1.1.tgz#15f59f376f855c446963948f0d24cd3637b4abc6"
  integrity sha512-kWZrnVM42QCiEA2Ig1bG8zjoIMOgxWwYCEeNdwY6Tv/cOSeGpcoX4pXHfKUxNKVoArnrEr2e9srnAxxGIraS9Q==
  dependencies:
    function-bind "^1.1.1"
    has "^1.0.3"
    has-symbols "^1.0.1"

has-bigints@^1.0.1:
  version "1.0.1"
  resolved "https://registry.yarnpkg.com/has-bigints/-/has-bigints-1.0.1.tgz#64fe6acb020673e3b78db035a5af69aa9d07b113"
  integrity sha512-LSBS2LjbNBTf6287JEbEzvJgftkF5qFkmCo9hDRpAzKhUOlJ+hx8dd4USs00SgsUNwc4617J9ki5YtEClM2ffA==

has-symbols@^1.0.0:
  version "1.0.0"
  resolved "https://registry.yarnpkg.com/has-symbols/-/has-symbols-1.0.0.tgz#ba1a8f1af2a0fc39650f5c850367704122063b44"
  integrity sha1-uhqPGvKg/DllD1yFA2dwQSIGO0Q=

has-symbols@^1.0.1, has-symbols@^1.0.2:
  version "1.0.2"
  resolved "https://registry.yarnpkg.com/has-symbols/-/has-symbols-1.0.2.tgz#165d3070c00309752a1236a479331e3ac56f1423"
  integrity sha512-chXa79rL/UC2KlX17jo3vRGz0azaWEx5tGqZg5pO3NUyEJVB17dMruQlzCCOfUvElghKcm5194+BCRvi2Rv/Gw==

has@^1.0.3:
  version "1.0.3"
  resolved "https://registry.yarnpkg.com/has/-/has-1.0.3.tgz#722d7cbfc1f6aa8241f16dd814e011e1f41e8796"
  integrity sha512-f2dvO0VU6Oej7RkWJGrehjbzMAjFp5/VKPp5tTpWIV4JHHZK1/BxbFRtf/siA2SWTe09caDmVtYYzWEIbBS4zw==
  dependencies:
    function-bind "^1.1.1"

iconv-lite@~0.4.13:
  version "0.4.24"
  resolved "https://registry.yarnpkg.com/iconv-lite/-/iconv-lite-0.4.24.tgz#2022b4b25fbddc21d2f524974a474aafe733908b"
  integrity sha512-v3MXnZAcvnywkTUEZomIActle7RXXeedOR31wwl7VlyoXO4Qi9arvSenNQWne1TcRwhCL1HwLI21bEqdpj8/rA==
  dependencies:
    safer-buffer ">= 2.1.2 < 3"

immediate@~3.0.5:
  version "3.0.6"
  resolved "https://registry.yarnpkg.com/immediate/-/immediate-3.0.6.tgz#9db1dbd0faf8de6fbe0f5dd5e56bb606280de69b"
  integrity sha1-nbHb0Pr43m++D13V5Wu2BigN5ps=

inherits@~2.0.3:
  version "2.0.3"
  resolved "https://registry.yarnpkg.com/inherits/-/inherits-2.0.3.tgz#633c2c83e3da42a502f52466022480f4208261de"
  integrity sha1-Yzwsg+PaQqUC9SRmAiSA9CCCYd4=

is-bigint@^1.0.1:
  version "1.0.2"
  resolved "https://registry.yarnpkg.com/is-bigint/-/is-bigint-1.0.2.tgz#ffb381442503235ad245ea89e45b3dbff040ee5a"
  integrity sha512-0JV5+SOCQkIdzjBK9buARcV804Ddu7A0Qet6sHi3FimE9ne6m4BGQZfRn+NZiXbBk4F4XmHfDZIipLj9pX8dSA==

is-boolean-object@^1.1.0:
  version "1.1.1"
  resolved "https://registry.yarnpkg.com/is-boolean-object/-/is-boolean-object-1.1.1.tgz#3c0878f035cb821228d350d2e1e36719716a3de8"
  integrity sha512-bXdQWkECBUIAcCkeH1unwJLIpZYaa5VvuygSyS/c2lf719mTKZDU5UdDRlpd01UjADgmW8RfqaP+mRaVPdr/Ng==
  dependencies:
    call-bind "^1.0.2"

is-callable@^1.1.4:
  version "1.1.4"
  resolved "https://registry.yarnpkg.com/is-callable/-/is-callable-1.1.4.tgz#1e1adf219e1eeb684d691f9d6a05ff0d30a24d75"
  integrity sha512-r5p9sxJjYnArLjObpjA4xu5EKI3CuKHkJXMhT7kwbpUyIFD1n5PMAsoPvWnvtZiNz7LjkYDRZhd7FlI0eMijEA==

is-callable@^1.2.3:
  version "1.2.3"
  resolved "https://registry.yarnpkg.com/is-callable/-/is-callable-1.2.3.tgz#8b1e0500b73a1d76c70487636f368e519de8db8e"
  integrity sha512-J1DcMe8UYTBSrKezuIUTUwjXsho29693unXM2YhJUTR2txK/eG47bvNa/wipPFmZFgr/N6f1GA66dv0mEyTIyQ==

is-date-object@^1.0.1:
  version "1.0.1"
  resolved "https://registry.yarnpkg.com/is-date-object/-/is-date-object-1.0.1.tgz#9aa20eb6aeebbff77fbd33e74ca01b33581d3a16"
  integrity sha1-mqIOtq7rv/d/vTPnTKAbM1gdOhY=

is-negative-zero@^2.0.1:
  version "2.0.1"
  resolved "https://registry.yarnpkg.com/is-negative-zero/-/is-negative-zero-2.0.1.tgz#3de746c18dda2319241a53675908d8f766f11c24"
  integrity sha512-2z6JzQvZRa9A2Y7xC6dQQm4FSTSTNWjKIYYTt4246eMTJmIo0Q+ZyOsU66X8lxK1AbB92dFeglPLrhwpeRKO6w==

is-number-object@^1.0.4:
  version "1.0.5"
  resolved "https://registry.yarnpkg.com/is-number-object/-/is-number-object-1.0.5.tgz#6edfaeed7950cff19afedce9fbfca9ee6dd289eb"
  integrity sha512-RU0lI/n95pMoUKu9v1BZP5MBcZuNSVJkMkAG2dJqC4z2GlkGUNeH68SuHuBKBD/XFe+LHZ+f9BKkLET60Niedw==

is-regex@^1.1.0, is-regex@^1.1.3:
  version "1.1.3"
  resolved "https://registry.yarnpkg.com/is-regex/-/is-regex-1.1.3.tgz#d029f9aff6448b93ebbe3f33dac71511fdcbef9f"
  integrity sha512-qSVXFz28HM7y+IWX6vLCsexdlvzT1PJNFSBuaQLQ5o0IEw8UDYW6/2+eCMVyIsbM8CNLX2a/QWmSpyxYEHY7CQ==
  dependencies:
    call-bind "^1.0.2"
    has-symbols "^1.0.2"

is-stream@^1.0.1:
  version "1.1.0"
  resolved "https://registry.yarnpkg.com/is-stream/-/is-stream-1.1.0.tgz#12d4a3dd4e68e0b79ceb8dbc84173ae80d91ca44"
  integrity sha1-EtSj3U5o4Lec6428hBc66A2RykQ=

is-string@^1.0.5, is-string@^1.0.6:
  version "1.0.6"
  resolved "https://registry.yarnpkg.com/is-string/-/is-string-1.0.6.tgz#3fe5d5992fb0d93404f32584d4b0179a71b54a5f"
  integrity sha512-2gdzbKUuqtQ3lYNrUTQYoClPhm7oQu4UdpSZMp1/DGgkHBT8E2Z1l0yMdb6D4zNAxwDiMv8MdulKROJGNl0Q0w==

is-symbol@^1.0.2:
  version "1.0.2"
  resolved "https://registry.yarnpkg.com/is-symbol/-/is-symbol-1.0.2.tgz#a055f6ae57192caee329e7a860118b497a950f38"
  integrity sha512-HS8bZ9ox60yCJLH9snBpIwv9pYUAkcuLhSA1oero1UB5y9aiQpRA8y2ex945AOtCZL1lJDeIk3G5LthswI46Lw==
  dependencies:
    has-symbols "^1.0.0"

is-symbol@^1.0.3:
  version "1.0.4"
  resolved "https://registry.yarnpkg.com/is-symbol/-/is-symbol-1.0.4.tgz#a6dac93b635b063ca6872236de88910a57af139c"
  integrity sha512-C/CPBqKWnvdcxqIARxyOh4v1UUEOCHpgDa0WYgpKDFMszcrPcffg5uhwSgPCLD2WWxmq6isisz87tzT01tuGhg==
  dependencies:
    has-symbols "^1.0.2"

isarray@~1.0.0:
  version "1.0.0"
  resolved "https://registry.yarnpkg.com/isarray/-/isarray-1.0.0.tgz#bb935d48582cba168c06834957a54a3e07124f11"
  integrity sha1-u5NdSFgsuhaMBoNJV6VKPgcSTxE=

isomorphic-fetch@^2.1.1:
  version "2.2.1"
  resolved "https://registry.yarnpkg.com/isomorphic-fetch/-/isomorphic-fetch-2.2.1.tgz#611ae1acf14f5e81f729507472819fe9733558a9"
  integrity sha1-YRrhrPFPXoH3KVB0coGf6XM1WKk=
  dependencies:
    node-fetch "^1.0.1"
    whatwg-fetch ">=0.10.0"

"js-tokens@^3.0.0 || ^4.0.0":
  version "4.0.0"
  resolved "https://registry.yarnpkg.com/js-tokens/-/js-tokens-4.0.0.tgz#19203fb59991df98e3a287050d4647cdeaf32499"
  integrity sha512-RdJUflcE3cUzKiMqQgsCu06FPu9UdIJO0beYbPhHN4k6apgJtifcoCtT9bcxOpYBtpD2kCM6Sbzg4CausW/PKQ==

jszip@^3.1.3:
  version "3.6.0"
  resolved "https://registry.yarnpkg.com/jszip/-/jszip-3.6.0.tgz#839b72812e3f97819cc13ac4134ffced95dd6af9"
  integrity sha512-jgnQoG9LKnWO3mnVNBnfhkh0QknICd1FGSrXcgrl67zioyJ4wgx25o9ZqwNtrROSflGBCGYnJfjrIyRIby1OoQ==
  dependencies:
    lie "~3.3.0"
    pako "~1.0.2"
    readable-stream "~2.3.6"
    set-immediate-shim "~1.0.1"

lie@~3.3.0:
  version "3.3.0"
  resolved "https://registry.yarnpkg.com/lie/-/lie-3.3.0.tgz#dcf82dee545f46074daf200c7c1c5a08e0f40f6a"
  integrity sha512-UaiMJzeWRlEujzAuw5LokY1L5ecNQYZKfmyZ9L7wDHb/p5etKaxXhohBcrw0EYby+G/NA52vRSN4N39dxHAIwQ==
  dependencies:
    immediate "~3.0.5"

lodash.escape@^4.0.1:
  version "4.0.1"
  resolved "https://registry.yarnpkg.com/lodash.escape/-/lodash.escape-4.0.1.tgz#c9044690c21e04294beaa517712fded1fa88de98"
  integrity sha1-yQRGkMIeBClL6qUXcS/e0fqI3pg=

lodash.isarray@3.0.4:
  version "3.0.4"
  resolved "https://registry.yarnpkg.com/lodash.isarray/-/lodash.isarray-3.0.4.tgz#79e4eb88c36a8122af86f844aa9bcd851b5fbb55"
  integrity sha1-eeTriMNqgSKvhvhEqpvNhRtfu1U=

lodash.isfinite@3.2.0:
  version "3.2.0"
  resolved "https://registry.yarnpkg.com/lodash.isfinite/-/lodash.isfinite-3.2.0.tgz#aa69ffb93a37e82fab0ce18862655f9174ced339"
  integrity sha1-qmn/uTo36C+rDOGIYmVfkXTO0zk=

lodash@^4.17.21, lodash@^4.17.4:
  version "4.17.21"
  resolved "https://registry.yarnpkg.com/lodash/-/lodash-4.17.21.tgz#679591c564c3bffaae8454cf0b3df370c3d6911c"
  integrity sha512-v2kDEe57lecTulaDIuNTPy3Ry4gLGJ6Z1O3vE1krgXZNrsQ+LFTGHVxVjcXPs17LhbZVGedAJv8XZ1tvj5FvSg==

loose-envify@^1.0.0, loose-envify@^1.1.0, loose-envify@^1.4.0:
  version "1.4.0"
  resolved "https://registry.yarnpkg.com/loose-envify/-/loose-envify-1.4.0.tgz#71ee51fa7be4caec1a63839f7e682d8132d30caf"
  integrity sha512-lyuxPGr/Wfhrlem2CL/UcnUc1zcqKAImBDzukY7Y5F/yQiNdko6+fRLevlw1HgMySw7f611UIY408EtxRSoK3Q==
  dependencies:
    js-tokens "^3.0.0 || ^4.0.0"

node-fetch@^1.0.1:
  version "1.7.3"
  resolved "https://registry.yarnpkg.com/node-fetch/-/node-fetch-1.7.3.tgz#980f6f72d85211a5347c6b2bc18c5b84c3eb47ef"
  integrity sha512-NhZ4CsKx7cYm2vSrBAr2PvFOe6sWDf0UYLRqA6svUYg7+/TSfVAu49jYC4BvQ4Sms9SZgdqGBgroqfDhJdTyKQ==
  dependencies:
    encoding "^0.1.11"
    is-stream "^1.0.1"

object-assign@4.0.1:
  version "4.0.1"
  resolved "https://registry.yarnpkg.com/object-assign/-/object-assign-4.0.1.tgz#99504456c3598b5cad4fc59c26e8a9bb107fe0bd"
  integrity sha1-mVBEVsNZi1ytT8WcJuipuxB/4L0=

object-assign@^4.1.0, object-assign@^4.1.1:
  version "4.1.1"
  resolved "https://registry.yarnpkg.com/object-assign/-/object-assign-4.1.1.tgz#2109adc7965887cfc05cbbd442cac8bfbb360863"
  integrity sha1-IQmtx5ZYh8/AXLvUQsrIv7s2CGM=

object-inspect@^1.10.3:
  version "1.10.3"
  resolved "https://registry.yarnpkg.com/object-inspect/-/object-inspect-1.10.3.tgz#c2aa7d2d09f50c99375704f7a0adf24c5782d369"
  integrity sha512-e5mCJlSH7poANfC8z8S9s9S2IN5/4Zb3aZ33f5s8YqoazCFzNLloLU8r5VCG+G7WoqLvAAZoVMcy3tp/3X0Plw==

object-is@^1.1.2:
  version "1.1.5"
  resolved "https://registry.yarnpkg.com/object-is/-/object-is-1.1.5.tgz#b9deeaa5fc7f1846a0faecdceec138e5778f53ac"
  integrity sha512-3cyDsyHgtmi7I7DfSSI2LDp6SK2lwvtbg0p0R1e0RvTqF5ceGx+K2dfSjm1bKDMVCFEDAQvy+o8c6a7VujOddw==
  dependencies:
    call-bind "^1.0.2"
    define-properties "^1.1.3"

object-keys@^1.0.12, object-keys@^1.1.1:
  version "1.1.1"
  resolved "https://registry.yarnpkg.com/object-keys/-/object-keys-1.1.1.tgz#1c47f272df277f3b1daf061677d9c82e2322c60e"
  integrity sha512-NuAESUOUMrlIXOfHKzD6bpPu3tYt3xvjNdRIQ+FeT0lNb4K8WR70CaDxhuNguS2XG+GjkyMwOzsN5ZktImfhLA==

object.assign@^4.0.4, object.assign@^4.1.0, object.assign@^4.1.2:
  version "4.1.2"
  resolved "https://registry.yarnpkg.com/object.assign/-/object.assign-4.1.2.tgz#0ed54a342eceb37b38ff76eb831a0e788cb63940"
  integrity sha512-ixT2L5THXsApyiUPYKmW+2EHpXXe5Ii3M+f4e+aJFAHao5amFRW6J0OO6c/LU8Be47utCx2GL89hxGB6XSmKuQ==
  dependencies:
    call-bind "^1.0.0"
    define-properties "^1.1.3"
    has-symbols "^1.0.1"
    object-keys "^1.1.1"

object.entries@^1.1.2:
  version "1.1.4"
  resolved "https://registry.yarnpkg.com/object.entries/-/object.entries-1.1.4.tgz#43ccf9a50bc5fd5b649d45ab1a579f24e088cafd"
  integrity sha512-h4LWKWE+wKQGhtMjZEBud7uLGhqyLwj8fpHOarZhD2uY3C9cRtk57VQ89ke3moByLXMedqs3XCHzyb4AmA2DjA==
  dependencies:
    call-bind "^1.0.2"
    define-properties "^1.1.3"
    es-abstract "^1.18.2"

object.fromentries@^2.0.3:
  version "2.0.4"
  resolved "https://registry.yarnpkg.com/object.fromentries/-/object.fromentries-2.0.4.tgz#26e1ba5c4571c5c6f0890cef4473066456a120b8"
  integrity sha512-EsFBshs5RUUpQEY1D4q/m59kMfz4YJvxuNCJcv/jWwOJr34EaVnG11ZrZa0UHB3wnzV1wx8m58T4hQL8IuNXlQ==
  dependencies:
    call-bind "^1.0.2"
    define-properties "^1.1.3"
    es-abstract "^1.18.0-next.2"
    has "^1.0.3"

object.values@^1.0.4:
  version "1.1.4"
  resolved "https://registry.yarnpkg.com/object.values/-/object.values-1.1.4.tgz#0d273762833e816b693a637d30073e7051535b30"
  integrity sha512-TnGo7j4XSnKQoK3MfvkzqKCi0nVe/D9I9IjwTNYdb/fxYHpjrluHVOgw0AF6jrRFGMPHdfuidR09tIDiIvnaSg==
  dependencies:
    call-bind "^1.0.2"
    define-properties "^1.1.3"
    es-abstract "^1.18.2"

pako@~1.0.2:
  version "1.0.11"
  resolved "https://registry.yarnpkg.com/pako/-/pako-1.0.11.tgz#6c9599d340d54dfd3946380252a35705a6b992bf"
  integrity sha512-4hLB8Py4zZce5s4yd9XzopqwVv/yGNhV1Bl8NTmCq1763HeK2+EwVTv+leGeL13Dnh2wfbqowVPXCIO0z4taYw==

process-nextick-args@~2.0.0:
  version "2.0.0"
  resolved "https://registry.yarnpkg.com/process-nextick-args/-/process-nextick-args-2.0.0.tgz#a37d732f4271b4ab1ad070d35508e8290788ffaa"
  integrity sha512-MtEC1TqN0EU5nephaJ4rAtThHtC86dNN9qCuEhtshvpVBkAW5ZO7BASN9REnF9eoXGcRub+pFuKEpOHE+HbEMw==

promise@^7.1.1:
  version "7.3.1"
  resolved "https://registry.yarnpkg.com/promise/-/promise-7.3.1.tgz#064b72602b18f90f29192b8b1bc418ffd1ebd3bf"
  integrity sha512-nolQXZ/4L+bP/UGlkfaIujX9BKxGwmQ9OT4mOt5yvy8iK1h3wqTEJCijzGANTCCl9nWjY41juyAn2K3Q1hLLTg==
  dependencies:
    asap "~2.0.3"

prop-types-exact@^1.2.0:
  version "1.2.0"
  resolved "https://registry.yarnpkg.com/prop-types-exact/-/prop-types-exact-1.2.0.tgz#825d6be46094663848237e3925a98c6e944e9869"
  integrity sha512-K+Tk3Kd9V0odiXFP9fwDHUYRyvK3Nun3GVyPapSIs5OBkITAm15W0CPFD/YKTkMUAbc0b9CUwRQp2ybiBIq+eA==
  dependencies:
    has "^1.0.3"
    object.assign "^4.1.0"
    reflect.ownkeys "^0.2.0"

prop-types@^15.5.4, prop-types@^15.6.0, prop-types@^15.6.2, prop-types@^15.7.2:
  version "15.7.2"
  resolved "https://registry.yarnpkg.com/prop-types/-/prop-types-15.7.2.tgz#52c41e75b8c87e72b9d9360e0206b99dcbffa6c5"
  integrity sha512-8QQikdH7//R2vurIJSutZ1smHYTcLpRWEOlHnzcWHmBYrOGUysKwSsrC89BCiFj3CbrfJ/nXFdJepOVrY1GCHQ==
  dependencies:
    loose-envify "^1.4.0"
    object-assign "^4.1.1"
    react-is "^16.8.1"

react-dom@^17.0.2:
  version "17.0.2"
  resolved "https://registry.yarnpkg.com/react-dom/-/react-dom-17.0.2.tgz#ecffb6845e3ad8dbfcdc498f0d0a939736502c23"
  integrity sha512-s4h96KtLDUQlsENhMn1ar8t2bEa+q/YAtj8pPPdIjPDGBDIVNsrD9aXNWqspUe6AzKCIG0C1HZZLqLV7qpOBGA==
  dependencies:
    loose-envify "^1.1.0"
    object-assign "^4.1.1"
    scheduler "^0.20.2"

react-infinite@0.13.0:
  version "0.13.0"
  resolved "https://registry.yarnpkg.com/react-infinite/-/react-infinite-0.13.0.tgz#a08f84d800f4a4af5f732724c61200d5142697ea"
  integrity sha512-sISd4IYKELmOrvCq9i3FaQo4HR+Bn49ufK0eYAWQAisQ87QWJ5tqiQvEzww+JJZryZVMFvBCuiV7RUn/MfeEww==
  dependencies:
    enzyme-adapter-react-16 "1.1.1"
    lodash.isarray "3.0.4"
    lodash.isfinite "3.2.0"
    object-assign "4.0.1"

react-is@^16.13.1, react-is@^16.8.6:
  version "16.13.1"
  resolved "https://registry.yarnpkg.com/react-is/-/react-is-16.13.1.tgz#789729a4dc36de2999dc156dd6c1d9c18cea56a4"
  integrity sha512-24e6ynE2H+OKt4kqsOvNd8kBpV65zoxbA4BVsEOB3ARVWQki/DHzaUoC5KuON/BiccDaCCTZBuOcfZs70kR8bQ==

react-is@^16.8.1:
  version "16.8.6"
  resolved "https://registry.yarnpkg.com/react-is/-/react-is-16.8.6.tgz#5bbc1e2d29141c9fbdfed456343fe2bc430a6a16"
  integrity sha512-aUk3bHfZ2bRSVFFbbeVS4i+lNPZr3/WM5jT2J5omUVV1zzcs1nAaf3l51ctA5FFvCRbhrH0bdAsRRQddFJZPtA==

react-reconciler@^0.7.0:
  version "0.7.0"
  resolved "https://registry.yarnpkg.com/react-reconciler/-/react-reconciler-0.7.0.tgz#9614894103e5f138deeeb5eabaf3ee80eb1d026d"
  integrity sha512-50JwZ3yNyMS8fchN+jjWEJOH3Oze7UmhxeoJLn2j6f3NjpfCRbcmih83XTWmzqtar/ivd5f7tvQhvvhism2fgg==
  dependencies:
    fbjs "^0.8.16"
    loose-envify "^1.1.0"
    object-assign "^4.1.1"
    prop-types "^15.6.0"

react-test-renderer@^16.0.0-0:
  version "16.14.0"
  resolved "https://registry.yarnpkg.com/react-test-renderer/-/react-test-renderer-16.14.0.tgz#e98360087348e260c56d4fe2315e970480c228ae"
  integrity sha512-L8yPjqPE5CZO6rKsKXRO/rVPiaCOy0tQQJbC+UjPNlobl5mad59lvPjwFsQHTvL03caVDIVr9x9/OSgDe6I5Eg==
  dependencies:
    object-assign "^4.1.1"
    prop-types "^15.6.2"
    react-is "^16.8.6"
    scheduler "^0.19.1"

react-transition-group@^4.3.0:
  version "4.4.2"
  resolved "https://registry.yarnpkg.com/react-transition-group/-/react-transition-group-4.4.2.tgz#8b59a56f09ced7b55cbd53c36768b922890d5470"
  integrity sha512-/RNYfRAMlZwDSr6z4zNKV6xu53/e2BuaBbGhbyYIXTrmgu/bGHzmqOs7mJSJBHy9Ud+ApHx3QjrkKSp1pxvlFg==
  dependencies:
    "@babel/runtime" "^7.5.5"
    dom-helpers "^5.0.1"
    loose-envify "^1.4.0"
    prop-types "^15.6.2"

react@^17.0.2:
  version "17.0.2"
  resolved "https://registry.yarnpkg.com/react/-/react-17.0.2.tgz#d0b5cc516d29eb3eee383f75b62864cfb6800037"
  integrity sha512-gnhPt75i/dq/z3/6q/0asP78D0u592D5L1pd7M8P+dck6Fu/jJeL6iVVK23fptSUZj8Vjf++7wXA8UNclGQcbA==
  dependencies:
    loose-envify "^1.1.0"
    object-assign "^4.1.1"

readable-stream@~2.3.6:
  version "2.3.6"
  resolved "https://registry.yarnpkg.com/readable-stream/-/readable-stream-2.3.6.tgz#b11c27d88b8ff1fbe070643cf94b0c79ae1b0aaf"
  integrity sha512-tQtKA9WIAhBF3+VLAseyMqZeBjW0AHJoxOtYqSUZNJxauErmLbVm2FW1y+J/YA9dUrAC39ITejlZWhVIwawkKw==
  dependencies:
    core-util-is "~1.0.0"
    inherits "~2.0.3"
    isarray "~1.0.0"
    process-nextick-args "~2.0.0"
    safe-buffer "~5.1.1"
    string_decoder "~1.1.1"
    util-deprecate "~1.0.1"

reflect.ownkeys@^0.2.0:
  version "0.2.0"
  resolved "https://registry.yarnpkg.com/reflect.ownkeys/-/reflect.ownkeys-0.2.0.tgz#749aceec7f3fdf8b63f927a04809e90c5c0b3460"
  integrity sha1-dJrO7H8/34tj+SegSAnpDFwLNGA=

regenerator-runtime@^0.13.4:
  version "0.13.7"
  resolved "https://registry.yarnpkg.com/regenerator-runtime/-/regenerator-runtime-0.13.7.tgz#cac2dacc8a1ea675feaabaeb8ae833898ae46f55"
  integrity sha512-a54FxoJDIr27pgf7IgeQGxmqUNYrcV338lf/6gH456HZ/PhX+5BcwHXG9ajESmwe6WRO0tAzRUrRmNONWgkrew==

safe-buffer@~5.1.0, safe-buffer@~5.1.1:
  version "5.1.2"
  resolved "https://registry.yarnpkg.com/safe-buffer/-/safe-buffer-5.1.2.tgz#991ec69d296e0313747d59bdfd2b745c35f8828d"
  integrity sha512-Gd2UZBJDkXlY7GbJxfsE8/nvKkUEU1G38c1siN6QP6a9PT9MmHB8GnpscSmMJSoF8LOIrt8ud/wPtojys4G6+g==

"safer-buffer@>= 2.1.2 < 3":
  version "2.1.2"
  resolved "https://registry.yarnpkg.com/safer-buffer/-/safer-buffer-2.1.2.tgz#44fa161b0187b9549dd84bb91802f9bd8385cd6a"
  integrity sha512-YZo3K82SD7Riyi0E1EQPojLz7kpepnSQI9IyPbHHg1XXXevb5dJI7tpyN2ADxGcQbHG7vcyRHk0cbwqcQriUtg==

scheduler@^0.19.1:
  version "0.19.1"
  resolved "https://registry.yarnpkg.com/scheduler/-/scheduler-0.19.1.tgz#4f3e2ed2c1a7d65681f4c854fa8c5a1ccb40f196"
  integrity sha512-n/zwRWRYSUj0/3g/otKDRPMh6qv2SYMWNq85IEa8iZyAv8od9zDYpGSnpBEjNgcMNq6Scbu5KfIPxNF72R/2EA==
  dependencies:
    loose-envify "^1.1.0"
    object-assign "^4.1.1"

scheduler@^0.20.2:
  version "0.20.2"
  resolved "https://registry.yarnpkg.com/scheduler/-/scheduler-0.20.2.tgz#4baee39436e34aa93b4874bddcbf0fe8b8b50e91"
  integrity sha512-2eWfGgAqqWFGqtdMmcL5zCMK1U8KlXv8SQFGglL3CEtd0aDVDWgeF/YoCmvln55m5zSk3J/20hTaSBeSObsQDQ==
  dependencies:
    loose-envify "^1.1.0"
    object-assign "^4.1.1"

semver@^5.7.1:
  version "5.7.1"
  resolved "https://registry.yarnpkg.com/semver/-/semver-5.7.1.tgz#a954f931aeba508d307bbf069eff0c01c96116f7"
  integrity sha512-sauaDf/PZdVgrLTNYHRtpXa1iRiKcaebiKQ1BJdpQlWH2lCvexQdX55snPFyK7QzpudqbCI0qXFfOasHdyNDGQ==

set-immediate-shim@~1.0.1:
  version "1.0.1"
  resolved "https://registry.yarnpkg.com/set-immediate-shim/-/set-immediate-shim-1.0.1.tgz#4b2b1b27eb808a9f8dcc481a58e5e56f599f3f61"
  integrity sha1-SysbJ+uAip+NzEgaWOXlb1mfP2E=

setimmediate@^1.0.5:
  version "1.0.5"
  resolved "https://registry.yarnpkg.com/setimmediate/-/setimmediate-1.0.5.tgz#290cbb232e306942d7d7ea9b83732ab7856f8285"
  integrity sha1-KQy7Iy4waULX1+qbg3Mqt4VvgoU=

string.prototype.trimend@^1.0.4:
  version "1.0.4"
  resolved "https://registry.yarnpkg.com/string.prototype.trimend/-/string.prototype.trimend-1.0.4.tgz#e75ae90c2942c63504686c18b287b4a0b1a45f80"
  integrity sha512-y9xCjw1P23Awk8EvTpcyL2NIr1j7wJ39f+k6lvRnSMz+mz9CGz9NYPelDk42kOz6+ql8xjfK8oYzy3jAP5QU5A==
  dependencies:
    call-bind "^1.0.2"
    define-properties "^1.1.3"

string.prototype.trimstart@^1.0.4:
  version "1.0.4"
  resolved "https://registry.yarnpkg.com/string.prototype.trimstart/-/string.prototype.trimstart-1.0.4.tgz#b36399af4ab2999b4c9c648bd7a3fb2bb26feeed"
  integrity sha512-jh6e984OBfvxS50tdY2nRZnoC5/mLFKOREQfw8t5yytkoUsJRNxvI/E39qu1sD0OtWI3OC0XgKSmcWwziwYuZw==
  dependencies:
    call-bind "^1.0.2"
    define-properties "^1.1.3"

string_decoder@~1.1.1:
  version "1.1.1"
  resolved "https://registry.yarnpkg.com/string_decoder/-/string_decoder-1.1.1.tgz#9cf1611ba62685d7030ae9e4ba34149c3af03fc8"
  integrity sha512-n/ShnvDi6FHbbVfviro+WojiFzv+s8MPMHBczVePfUpDJLwoLT0ht1l4YwBCbi8pJAveEEdnkHyPyTP/mzRfwg==
  dependencies:
    safe-buffer "~5.1.0"

tippy.js@^6.2.6, tippy.js@^6.3.1:
  version "6.3.1"
  resolved "https://registry.yarnpkg.com/tippy.js/-/tippy.js-6.3.1.tgz#3788a007be7015eee0fd589a66b98fb3f8f10181"
  integrity sha512-JnFncCq+rF1dTURupoJ4yPie5Cof978inW6/4S6kmWV7LL9YOSEVMifED3KdrVPEG+Z/TFH2CDNJcQEfaeuQww==
  dependencies:
    "@popperjs/core" "^2.8.3"

ua-parser-js@^0.7.18:
  version "0.7.19"
  resolved "https://registry.yarnpkg.com/ua-parser-js/-/ua-parser-js-0.7.19.tgz#94151be4c0a7fb1d001af7022fdaca4642659e4b"
  integrity sha512-T3PVJ6uz8i0HzPxOF9SWzWAlfN/DavlpQqepn22xgve/5QecC+XMCAtmUNnY7C9StehaV6exjUCI801lOI7QlQ==

unbox-primitive@^1.0.1:
  version "1.0.1"
  resolved "https://registry.yarnpkg.com/unbox-primitive/-/unbox-primitive-1.0.1.tgz#085e215625ec3162574dc8859abee78a59b14471"
  integrity sha512-tZU/3NqK3dA5gpE1KtyiJUrEB0lxnGkMFHptJ7q6ewdZ8s12QrODwNbhIJStmJkd1QDXa1NRA8aF2A1zk/Ypyw==
  dependencies:
    function-bind "^1.1.1"
    has-bigints "^1.0.1"
    has-symbols "^1.0.2"
    which-boxed-primitive "^1.0.2"

util-deprecate@~1.0.1:
  version "1.0.2"
  resolved "https://registry.yarnpkg.com/util-deprecate/-/util-deprecate-1.0.2.tgz#450d4dc9fa70de732762fbd2d4a28981419a0ccf"
  integrity sha1-RQ1Nyfpw3nMnYvvS1KKJgUGaDM8=

whatwg-fetch@>=0.10.0:
  version "3.0.0"
  resolved "https://registry.yarnpkg.com/whatwg-fetch/-/whatwg-fetch-3.0.0.tgz#fc804e458cc460009b1a2b966bc8817d2578aefb"
  integrity sha512-9GSJUgz1D4MfyKU7KRqwOjXCXTqWdFNvEr7eUBYchQiVc744mqK/MzXPNR2WsPkmkOa4ywfg8C2n8h+13Bey1Q==

which-boxed-primitive@^1.0.2:
  version "1.0.2"
  resolved "https://registry.yarnpkg.com/which-boxed-primitive/-/which-boxed-primitive-1.0.2.tgz#13757bc89b209b049fe5d86430e21cf40a89a8e6"
  integrity sha512-bwZdv0AKLpplFY2KZRX6TvyuN7ojjr7lwkg6ml0roIy9YeuSr7JS372qlNW18UQYzgYK9ziGcerWqZOmEn9VNg==
  dependencies:
    is-bigint "^1.0.1"
    is-boolean-object "^1.1.0"
    is-number-object "^1.0.4"
    is-string "^1.0.5"
    is-symbol "^1.0.3"

zipcelx@^1.6.2:
  version "1.6.2"
  resolved "https://registry.yarnpkg.com/zipcelx/-/zipcelx-1.6.2.tgz#ae99aa8c04f440d17c52fcdcbc6abc79d6993b3b"
  integrity sha512-4Rj0/D7Z6GCQTFgtcPavj2xnD0d5hxw+yDdHHsucZDv54NQZGyytItAaxHnBOnY7jj5qWaAeMGsb7YcNS3gRPQ==
  dependencies:
    file-saver "^2.0.0"
    jszip "^3.1.3"
    lodash.escape "^4.0.1"
